<?xml version="1.0" encoding="utf-8"?>
<Project ToolsVersion="4.0" xmlns="http://schemas.microsoft.com/developer/msbuild/2003">
  <ItemGroup>
    <Filter Include="Render">
      <UniqueIdentifier>{045c39d8-3dfb-4f1e-99ca-1d5e79f23694}</UniqueIdentifier>
    </Filter>
    <Filter Include="External">
      <UniqueIdentifier>{fae13a07-3e95-4a8e-a074-20477ff18430}</UniqueIdentifier>
    </Filter>
    <Filter Include="Core">
      <UniqueIdentifier>{27a6ff7b-8226-44d0-9fda-32907c90e9c5}</UniqueIdentifier>
    </Filter>
    <Filter Include="IO">
      <UniqueIdentifier>{4c667b7b-53ab-40fa-b7bc-c013e5fab98b}</UniqueIdentifier>
    </Filter>
    <Filter Include="Render\OpenGL">
      <UniqueIdentifier>{e53ac907-f513-446a-bd9d-952a6e09a680}</UniqueIdentifier>
    </Filter>
    <Filter Include="Autogenerated">
      <UniqueIdentifier>{bb4fbb61-8a2a-4cc3-a2c2-0e2438030323}</UniqueIdentifier>
    </Filter>
    <Filter Include="Scripting">
      <UniqueIdentifier>{d9464c3d-a1b1-405e-bd99-d9ac5b634d6b}</UniqueIdentifier>
    </Filter>
    <Filter Include="Render\Deferred Renderer">
      <UniqueIdentifier>{e475ab15-21bd-4f33-ae16-eec5e21b4366}</UniqueIdentifier>
    </Filter>
    <Filter Include="Scripting\Types">
      <UniqueIdentifier>{0002bc54-bd76-46c0-886f-a0ddc0c23144}</UniqueIdentifier>
    </Filter>
    <Filter Include="Network">
      <UniqueIdentifier>{f695c65b-b617-4806-8156-54b7368a2c99}</UniqueIdentifier>
    </Filter>
  </ItemGroup>
  <ItemGroup>
    <ClInclude Include="..\..\Engine\eternity.h" />
    <ClInclude Include="..\..\Engine\Render\RenderWindow.h">
      <Filter>Render</Filter>
    </ClInclude>
    <ClInclude Include="..\..\Engine\Render\Mesh.h">
      <Filter>Render</Filter>
    </ClInclude>
    <ClInclude Include="..\..\Engine\Render\VertexBuffer.h">
      <Filter>Render</Filter>
    </ClInclude>
    <ClInclude Include="..\..\Engine\Render\VertexType.h">
      <Filter>Render</Filter>
    </ClInclude>
    <ClInclude Include="..\..\Engine\Render\RenderSystem.h">
      <Filter>Render</Filter>
    </ClInclude>
    <ClInclude Include="..\..\Engine\Render\OpenGL\OpenGLVertexBuffer.h">
      <Filter>Render\OpenGL</Filter>
    </ClInclude>
    <ClInclude Include="..\..\Engine\Render\OpenGL\OpenGL.h">
      <Filter>Render\OpenGL</Filter>
    </ClInclude>
    <ClInclude Include="..\..\Engine\Render\OpenGL\OpenGLRenderSystem.h">
      <Filter>Render\OpenGL</Filter>
    </ClInclude>
    <ClInclude Include="..\..\Engine\Render\OpenGL\OpenGLVertexType.h">
      <Filter>Render\OpenGL</Filter>
    </ClInclude>
    <ClInclude Include="..\..\Engine\IO\Resource.h">
      <Filter>IO</Filter>
    </ClInclude>
    <ClInclude Include="..\..\Engine\IO\ResourceObject.h">
      <Filter>IO</Filter>
    </ClInclude>
    <ClInclude Include="..\..\Engine\IO\ResourceSystem.h">
      <Filter>IO</Filter>
    </ClInclude>
    <ClInclude Include="..\..\Engine\Core\Application.h">
      <Filter>Core</Filter>
    </ClInclude>
    <ClInclude Include="..\..\Engine\Core\System.h">
      <Filter>Core</Filter>
    </ClInclude>
    <ClInclude Include="..\..\Engine\Render\Shader.h">
      <Filter>Render</Filter>
    </ClInclude>
    <ClInclude Include="..\..\Engine\Render\ShaderProgram.h">
      <Filter>Render</Filter>
    </ClInclude>
    <ClInclude Include="..\..\Engine\Render\OpenGL\OpenGLShaderProgram.h">
      <Filter>Render\OpenGL</Filter>
    </ClInclude>
    <ClInclude Include="..\..\Engine\Core\MathTypes.h">
      <Filter>Core</Filter>
    </ClInclude>
    <ClInclude Include="..\..\Engine\Render\Scene.h">
      <Filter>Render</Filter>
    </ClInclude>
    <ClInclude Include="..\..\Engine\Render\RenderPass.h">
      <Filter>Render</Filter>
    </ClInclude>
    <ClInclude Include="..\..\Engine\Render\MeshComponent.h">
      <Filter>Render</Filter>
    </ClInclude>
    <ClInclude Include="..\..\Engine\Render\RenderComponent.h">
      <Filter>Render</Filter>
    </ClInclude>
    <ClInclude Include="..\..\Engine\Render\CameraComponent.h">
      <Filter>Render</Filter>
    </ClInclude>
    <ClInclude Include="..\..\Engine\Core\Transform.h">
      <Filter>Core</Filter>
    </ClInclude>
    <ClInclude Include="..\..\Engine\Core\Component.h">
      <Filter>Core</Filter>
    </ClInclude>
    <ClInclude Include="..\..\Engine\Core\Message.h">
      <Filter>Core</Filter>
    </ClInclude>
    <ClInclude Include="..\..\Engine\Core\MessageSystem.h">
      <Filter>Core</Filter>
    </ClInclude>
    <ClInclude Include="..\..\Engine\Core\GigaObject.h">
      <Filter>Core</Filter>
    </ClInclude>
    <ClInclude Include="..\..\Engine\Core\Error.h">
      <Filter>Core</Filter>
    </ClInclude>
    <ClInclude Include="..\..\Engine\Core\MetaSystem.h">
      <Filter>Core</Filter>
    </ClInclude>
    <ClInclude Include="..\..\Engine\Core\Variant.h">
      <Filter>Core</Filter>
    </ClInclude>
    <ClInclude Include="..\..\Engine\IO\Directory.h">
      <Filter>IO</Filter>
    </ClInclude>
    <ClInclude Include="..\..\Engine\Core\Window.h">
      <Filter>Core</Filter>
    </ClInclude>
    <ClInclude Include="..\..\Engine\IO\Command.h">
      <Filter>IO</Filter>
    </ClInclude>
    <ClInclude Include="..\..\Engine\IO\InputDevice.h">
      <Filter>IO</Filter>
    </ClInclude>
    <ClInclude Include="..\..\Engine\IO\InputSystem.h">
      <Filter>IO</Filter>
    </ClInclude>
    <ClInclude Include="..\..\Engine\IO\Keyboard.h">
      <Filter>IO</Filter>
    </ClInclude>
    <ClInclude Include="..\..\Engine\Core\TimeSystem.h">
      <Filter>Core</Filter>
    </ClInclude>
    <ClInclude Include="..\..\Engine\Core\Timer.h">
      <Filter>Core</Filter>
    </ClInclude>
    <ClInclude Include="..\..\Engine\Scripting\Script.h">
      <Filter>Scripting</Filter>
    </ClInclude>
    <ClInclude Include="..\..\Engine\Scripting\ScriptVariant.h">
      <Filter>Scripting</Filter>
    </ClInclude>
    <ClInclude Include="..\..\Engine\Scripting\ScriptThread.h">
      <Filter>Scripting</Filter>
    </ClInclude>
    <ClInclude Include="..\..\Engine\Scripting\ScriptCallbackHandler.h">
      <Filter>Scripting</Filter>
    </ClInclude>
    <ClInclude Include="..\..\Engine\Scripting\ScriptingSystem.h">
      <Filter>Scripting</Filter>
    </ClInclude>
    <ClInclude Include="..\..\Engine\Scripting\ScriptComponent.h">
      <Filter>Scripting</Filter>
    </ClInclude>
    <ClInclude Include="..\..\Engine\Core\Entity.h">
      <Filter>Core</Filter>
    </ClInclude>
    <ClInclude Include="..\..\Engine\Core\World.h">
      <Filter>Core</Filter>
    </ClInclude>
    <ClInclude Include="..\..\Engine\Core\ComponentSystem.h">
      <Filter>Core</Filter>
    </ClInclude>
    <ClInclude Include="..\..\Engine\Core\VariantRef.h">
      <Filter>Core</Filter>
    </ClInclude>
    <ClInclude Include="..\..\Engine\IO\MemoryReader.h">
      <Filter>IO</Filter>
    </ClInclude>
    <ClInclude Include="..\..\Engine\IO\MemoryWriter.h">
      <Filter>IO</Filter>
    </ClInclude>
    <ClInclude Include="..\..\Engine\Render\Animation.h">
      <Filter>Render</Filter>
    </ClInclude>
    <ClInclude Include="..\..\Engine\Render\AnimationFrame.h">
      <Filter>Render</Filter>
    </ClInclude>
    <ClInclude Include="..\..\Engine\Render\AnimationTransform.h">
      <Filter>Render</Filter>
    </ClInclude>
    <ClInclude Include="..\..\Engine\Render\Bone.h">
      <Filter>Render</Filter>
    </ClInclude>
    <ClInclude Include="..\..\Engine\Render\BoundingBox.h">
      <Filter>Render</Filter>
    </ClInclude>
    <ClInclude Include="..\..\Engine\Render\Defines.h">
      <Filter>Render</Filter>
    </ClInclude>
    <ClInclude Include="..\..\Engine\Render\DepthPass.h">
      <Filter>Render</Filter>
    </ClInclude>
    <ClInclude Include="..\..\Engine\Render\Framebuffer.h">
      <Filter>Render</Filter>
    </ClInclude>
    <ClInclude Include="..\..\Engine\Render\IndexBuffer.h">
      <Filter>Render</Filter>
    </ClInclude>
    <ClInclude Include="..\..\Engine\Render\LightComponent.h">
      <Filter>Render</Filter>
    </ClInclude>
    <ClInclude Include="..\..\Engine\Render\Material.h">
      <Filter>Render</Filter>
    </ClInclude>
    <ClInclude Include="..\..\Engine\Render\MaterialSystem.h">
      <Filter>Render</Filter>
    </ClInclude>
    <ClInclude Include="..\..\Engine\Render\ShaderDefinitionSet.h">
      <Filter>Render</Filter>
    </ClInclude>
    <ClInclude Include="..\..\Engine\Render\SpotLightComponent.h">
      <Filter>Render</Filter>
    </ClInclude>
    <ClInclude Include="..\..\Engine\Render\Texture.h">
      <Filter>Render</Filter>
    </ClInclude>
    <ClInclude Include="..\..\Engine\Render\Texture2D.h">
      <Filter>Render</Filter>
    </ClInclude>
    <ClInclude Include="..\..\Engine\Render\Texture3D.h">
      <Filter>Render</Filter>
    </ClInclude>
    <ClInclude Include="..\..\Engine\Render\DeferredRenderer\CombinePass.h">
      <Filter>Render\Deferred Renderer</Filter>
    </ClInclude>
    <ClInclude Include="..\..\Engine\Render\DeferredRenderer\GBuffer.h">
      <Filter>Render\Deferred Renderer</Filter>
    </ClInclude>
    <ClInclude Include="..\..\Engine\Render\DeferredRenderer\LightingPass.h">
      <Filter>Render\Deferred Renderer</Filter>
    </ClInclude>
    <ClInclude Include="..\..\Engine\Render\OpenGL\OpenGLFramebuffer.h">
      <Filter>Render\OpenGL</Filter>
    </ClInclude>
    <ClInclude Include="..\..\Engine\Render\OpenGL\OpenGLIndexBuffer.h">
      <Filter>Render\OpenGL</Filter>
    </ClInclude>
    <ClInclude Include="..\..\Engine\Render\OpenGL\OpenGLTexture.h">
      <Filter>Render\OpenGL</Filter>
    </ClInclude>
    <ClInclude Include="..\..\Engine\Render\OpenGL\OpenGLTexture2D.h">
      <Filter>Render\OpenGL</Filter>
    </ClInclude>
    <ClInclude Include="..\..\Engine\Render\OpenGL\OpenGLTexture3D.h">
      <Filter>Render\OpenGL</Filter>
    </ClInclude>
    <ClInclude Include="..\..\Engine\Scripting\Types\Vector3.h">
      <Filter>Scripting\Types</Filter>
    </ClInclude>
    <ClInclude Include="..\..\Engine\Network\NetworkMessage.h">
      <Filter>Network</Filter>
    </ClInclude>
    <ClInclude Include="..\..\Engine\Network\NetworkSession.h">
      <Filter>Network</Filter>
    </ClInclude>
    <ClInclude Include="..\..\Engine\Network\UDPSocket.h">
      <Filter>Network</Filter>
    </ClInclude>
    <ClInclude Include="..\..\Engine\Network\UDPSocketBase.h">
      <Filter>Network</Filter>
    </ClInclude>
    <ClInclude Include="..\..\Engine\Network\UDPSocketWin32.h">
      <Filter>Network</Filter>
    </ClInclude>
  </ItemGroup>
  <ItemGroup>
    <ClCompile Include="..\..\Engine\Render\RenderWindow.cpp">
      <Filter>Render</Filter>
    </ClCompile>
    <ClCompile Include="..\..\ThirdParty\glew\src\glew.c">
      <Filter>External</Filter>
    </ClCompile>
    <ClCompile Include="..\..\Engine\Render\VertexType.cpp">
      <Filter>Render</Filter>
    </ClCompile>
    <ClCompile Include="..\..\Engine\Render\OpenGL\OpenGLVertexBuffer.cpp">
      <Filter>Render\OpenGL</Filter>
    </ClCompile>
    <ClCompile Include="..\..\Engine\Render\RenderSystem.cpp">
      <Filter>Render</Filter>
    </ClCompile>
    <ClCompile Include="..\..\Engine\Render\OpenGL\OpenGLRenderSystem.cpp">
      <Filter>Render\OpenGL</Filter>
    </ClCompile>
    <ClCompile Include="..\..\Engine\Render\OpenGL\OpenGLVertexType.cpp">
      <Filter>Render\OpenGL</Filter>
    </ClCompile>
    <ClCompile Include="..\..\Engine\Render\VertexBuffer.cpp">
      <Filter>Render</Filter>
    </ClCompile>
    <ClCompile Include="..\..\Engine\IO\Resource.cpp">
      <Filter>IO</Filter>
    </ClCompile>
    <ClCompile Include="..\..\Engine\IO\ResourceObject.cpp">
      <Filter>IO</Filter>
    </ClCompile>
    <ClCompile Include="..\..\Engine\Render\Mesh.cpp">
      <Filter>Render</Filter>
    </ClCompile>
    <ClCompile Include="..\..\Engine\IO\ResourceSystem.cpp">
      <Filter>IO</Filter>
    </ClCompile>
    <ClCompile Include="..\..\Engine\Core\Application.cpp">
      <Filter>Core</Filter>
    </ClCompile>
    <ClCompile Include="..\..\Engine\Render\OpenGL\OpenGLShaderProgram.cpp">
      <Filter>Render\OpenGL</Filter>
    </ClCompile>
    <ClCompile Include="..\..\Engine\Render\ShaderProgram.cpp">
      <Filter>Render</Filter>
    </ClCompile>
    <ClCompile Include="..\..\Engine\Render\Scene.cpp">
      <Filter>Render</Filter>
    </ClCompile>
    <ClCompile Include="..\..\Engine\Render\MeshComponent.cpp">
      <Filter>Render</Filter>
    </ClCompile>
    <ClCompile Include="..\..\Engine\Render\CameraComponent.cpp">
      <Filter>Render</Filter>
    </ClCompile>
    <ClCompile Include="..\..\Engine\Core\Transform.cpp">
      <Filter>Core</Filter>
    </ClCompile>
    <ClCompile Include="..\..\Engine\Render\RenderComponent.cpp">
      <Filter>Render</Filter>
    </ClCompile>
    <ClCompile Include="..\..\Engine\Core\GigaObject.cpp">
      <Filter>Core</Filter>
    </ClCompile>
    <ClCompile Include="..\..\Engine\Core\Message.cpp">
      <Filter>Core</Filter>
    </ClCompile>
    <ClCompile Include="..\..\Engine\Core\MessageSystem.cpp">
      <Filter>Core</Filter>
    </ClCompile>
    <ClCompile Include="..\..\Engine\Core\Variant.cpp">
      <Filter>Core</Filter>
    </ClCompile>
    <ClCompile Include="..\..\Engine\Core\MetaSystem.cpp">
      <Filter>Core</Filter>
    </ClCompile>
    <ClCompile Include="..\..\Engine\IO\Directory.cpp">
      <Filter>IO</Filter>
    </ClCompile>
    <ClCompile Include="..\..\Autogenerated\MetaData.cpp">
      <Filter>Autogenerated</Filter>
    </ClCompile>
    <ClCompile Include="..\..\Engine\Core\Window.cpp">
      <Filter>Core</Filter>
    </ClCompile>
    <ClCompile Include="..\..\Engine\IO\Command.cpp">
      <Filter>IO</Filter>
    </ClCompile>
    <ClCompile Include="..\..\Engine\IO\InputDevice.cpp">
      <Filter>IO</Filter>
    </ClCompile>
    <ClCompile Include="..\..\Engine\IO\InputSystem.cpp">
      <Filter>IO</Filter>
    </ClCompile>
    <ClCompile Include="..\..\Engine\IO\Keyboard.cpp">
      <Filter>IO</Filter>
    </ClCompile>
    <ClCompile Include="..\..\Engine\Core\TimeSystem.cpp">
      <Filter>Core</Filter>
    </ClCompile>
    <ClCompile Include="..\..\Engine\Core\Timer.cpp">
      <Filter>Core</Filter>
    </ClCompile>
    <ClCompile Include="..\..\Engine\Scripting\ScriptVariant.cpp">
      <Filter>Scripting</Filter>
    </ClCompile>
    <ClCompile Include="..\..\Engine\Scripting\ScriptCallbackHandler.cpp">
      <Filter>Scripting</Filter>
    </ClCompile>
    <ClCompile Include="..\..\Engine\Scripting\ScriptComponent.cpp">
      <Filter>Scripting</Filter>
    </ClCompile>
    <ClCompile Include="..\..\Engine\Scripting\ScriptThread.cpp">
      <Filter>Scripting</Filter>
    </ClCompile>
    <ClCompile Include="..\..\Engine\Core\Entity.cpp">
      <Filter>Core</Filter>
    </ClCompile>
    <ClCompile Include="..\..\Engine\Core\World.cpp">
      <Filter>Core</Filter>
    </ClCompile>
    <ClCompile Include="..\..\Engine\Core\ComponentSystem.cpp">
      <Filter>Core</Filter>
    </ClCompile>
    <ClCompile Include="..\..\Engine\Core\Component.cpp">
      <Filter>Core</Filter>
    </ClCompile>
    <ClCompile Include="..\..\Engine\Core\Error.cpp">
      <Filter>Core</Filter>
    </ClCompile>
    <ClCompile Include="..\..\Engine\IO\MemoryReader.cpp">
      <Filter>IO</Filter>
    </ClCompile>
    <ClCompile Include="..\..\Engine\IO\MemoryWriter.cpp">
      <Filter>IO</Filter>
    </ClCompile>
    <ClCompile Include="..\..\Engine\Render\BoundingBox.cpp">
      <Filter>Render</Filter>
    </ClCompile>
    <ClCompile Include="..\..\Engine\Render\DepthPass.cpp">
      <Filter>Render</Filter>
    </ClCompile>
    <ClCompile Include="..\..\Engine\Render\Framebuffer.cpp">
      <Filter>Render</Filter>
    </ClCompile>
    <ClCompile Include="..\..\Engine\Render\LightComponent.cpp">
      <Filter>Render</Filter>
    </ClCompile>
    <ClCompile Include="..\..\Engine\Render\MaterialSystem.cpp">
      <Filter>Render</Filter>
    </ClCompile>
    <ClCompile Include="..\..\Engine\Render\RenderPass.cpp">
      <Filter>Render</Filter>
    </ClCompile>
    <ClCompile Include="..\..\Engine\Render\SpotLightComponent.cpp">
      <Filter>Render</Filter>
    </ClCompile>
    <ClCompile Include="..\..\Engine\Render\DeferredRenderer\CombinePass.cpp">
      <Filter>Render\Deferred Renderer</Filter>
    </ClCompile>
    <ClCompile Include="..\..\Engine\Render\DeferredRenderer\GBuffer.cpp">
      <Filter>Render\Deferred Renderer</Filter>
    </ClCompile>
    <ClCompile Include="..\..\Engine\Render\DeferredRenderer\LightingPass.cpp">
      <Filter>Render\Deferred Renderer</Filter>
    </ClCompile>
    <ClCompile Include="..\..\Engine\Render\OpenGL\OpenGLDefines.cpp">
      <Filter>Render\OpenGL</Filter>
    </ClCompile>
    <ClCompile Include="..\..\Engine\Render\OpenGL\OpenGLFramebuffer.cpp">
      <Filter>Render\OpenGL</Filter>
    </ClCompile>
    <ClCompile Include="..\..\Engine\Render\OpenGL\OpenGLIndexBuffer.cpp">
      <Filter>Render\OpenGL</Filter>
    </ClCompile>
    <ClCompile Include="..\..\Engine\Render\OpenGL\OpenGLTexture2D.cpp">
      <Filter>Render\OpenGL</Filter>
    </ClCompile>
    <ClCompile Include="..\..\Engine\Render\OpenGL\OpenGLTexture3D.cpp">
      <Filter>Render\OpenGL</Filter>
    </ClCompile>
    <ClCompile Include="..\..\Engine\Scripting\ScriptingSystem.cpp">
      <Filter>Scripting</Filter>
    </ClCompile>
    <ClCompile Include="..\..\Engine\Network\NetworkMessage.cpp">
      <Filter>Network</Filter>
    </ClCompile>
    <ClCompile Include="..\..\Engine\Network\NetworkSession.cpp">
      <Filter>Network</Filter>
    </ClCompile>
    <ClCompile Include="..\..\Engine\Network\UDPSocketWin32.cpp">
      <Filter>Network</Filter>
    </ClCompile>
  </ItemGroup>
</Project>